// !$*UTF8*$!
{
	archiveVersion = 1;
	classes = {
	};
	objectVersion = 46;
	objects = {

/* Begin PBXBuildFile section */
		F79F18401C6AFF6F00D07416 /* MonsterImg.swift in Sources */ = {isa = PBXBuildFile; fileRef = F79F183F1C6AFF6F00D07416 /* MonsterImg.swift */; };
		F7FDED631C69A17E00016E9F /* AppDelegate.swift in Sources */ = {isa = PBXBuildFile; fileRef = F7FDED621C69A17E00016E9F /* AppDelegate.swift */; };
		F7FDED651C69A17E00016E9F /* ViewController.swift in Sources */ = {isa = PBXBuildFile; fileRef = F7FDED641C69A17E00016E9F /* ViewController.swift */; };
		F7FDED681C69A17E00016E9F /* Main.storyboard in Resources */ = {isa = PBXBuildFile; fileRef = F7FDED661C69A17E00016E9F /* Main.storyboard */; };
		F7FDED6A1C69A17E00016E9F /* Assets.xcassets in Resources */ = {isa = PBXBuildFile; fileRef = F7FDED691C69A17E00016E9F /* Assets.xcassets */; };
		F7FDED6D1C69A17E00016E9F /* LaunchScreen.storyboard in Resources */ = {isa = PBXBuildFile; fileRef = F7FDED6B1C69A17E00016E9F /* LaunchScreen.storyboard */; };
		F7FDED751C69A31600016E9F /* cave-music.mp3 in Resources */ = {isa = PBXBuildFile; fileRef = F7FDED741C69A31600016E9F /* cave-music.mp3 */; };
		F7FDED7A1C69A33500016E9F /* bite.wav in Resources */ = {isa = PBXBuildFile; fileRef = F7FDED761C69A33500016E9F /* bite.wav */; };
		F7FDED7B1C69A33500016E9F /* death.wav in Resources */ = {isa = PBXBuildFile; fileRef = F7FDED771C69A33500016E9F /* death.wav */; };
		F7FDED7C1C69A33500016E9F /* heart.wav in Resources */ = {isa = PBXBuildFile; fileRef = F7FDED781C69A33500016E9F /* heart.wav */; };
		F7FDED7D1C69A33500016E9F /* skull.wav in Resources */ = {isa = PBXBuildFile; fileRef = F7FDED791C69A33500016E9F /* skull.wav */; };
		F7FDED7F1C69B3F600016E9F /* DragImg.swift in Sources */ = {isa = PBXBuildFile; fileRef = F7FDED7E1C69B3F600016E9F /* DragImg.swift */; };
/* End PBXBuildFile section */

/* Begin PBXFileReference section */
		F79F183F1C6AFF6F00D07416 /* MonsterImg.swift */ = {isa = PBXFileReference; fileEncoding = 4; lastKnownFileType = sourcecode.swift; path = MonsterImg.swift; sourceTree = "<group>"; };
		F7FDED5F1C69A17E00016E9F /* myLittleMonster.app */ = {isa = PBXFileReference; explicitFileType = wrapper.application; includeInIndex = 0; path = myLittleMonster.app; sourceTree = BUILT_PRODUCTS_DIR; };
		F7FDED621C69A17E00016E9F /* AppDelegate.swift */ = {isa = PBXFileReference; lastKnownFileType = sourcecode.swift; path = AppDelegate.swift; sourceTree = "<group>"; };
		F7FDED641C69A17E00016E9F /* ViewController.swift */ = {isa = PBXFileReference; lastKnownFileType = sourcecode.swift; path = ViewController.swift; sourceTree = "<group>"; };
		F7FDED671C69A17E00016E9F /* Base */ = {isa = PBXFileReference; lastKnownFileType = file.storyboard; name = Base; path = Base.lproj/Main.storyboard; sourceTree = "<group>"; };
		F7FDED691C69A17E00016E9F /* Assets.xcassets */ = {isa = PBXFileReference; lastKnownFileType = folder.assetcatalog; path = Assets.xcassets; sourceTree = "<group>"; };
		F7FDED6C1C69A17E00016E9F /* Base */ = {isa = PBXFileReference; lastKnownFileType = file.storyboard; name = Base; path = Base.lproj/LaunchScreen.storyboard; sourceTree = "<group>"; };
		F7FDED6E1C69A17E00016E9F /* Info.plist */ = {isa = PBXFileReference; lastKnownFileType = text.plist.xml; path = Info.plist; sourceTree = "<group>"; };
		F7FDED741C69A31600016E9F /* cave-music.mp3 */ = {isa = PBXFileReference; lastKnownFileType = audio.mp3; path = "cave-music.mp3"; sourceTree = "<group>"; };
		F7FDED761C69A33500016E9F /* bite.wav */ = {isa = PBXFileReference; lastKnownFileType = audio.wav; path = bite.wav; sourceTree = "<group>"; };
		F7FDED771C69A33500016E9F /* death.wav */ = {isa = PBXFileReference; lastKnownFileType = audio.wav; path = death.wav; sourceTree = "<group>"; };
		F7FDED781C69A33500016E9F /* heart.wav */ = {isa = PBXFileReference; lastKnownFileType = audio.wav; path = heart.wav; sourceTree = "<group>"; };
		F7FDED791C69A33500016E9F /* skull.wav */ = {isa = PBXFileReference; lastKnownFileType = audio.wav; path = skull.wav; sourceTree = "<group>"; };
		F7FDED7E1C69B3F600016E9F /* DragImg.swift */ = {isa = PBXFileReference; fileEncoding = 4; lastKnownFileType = sourcecode.swift; path = DragImg.swift; sourceTree = "<group>"; };
/* End PBXFileReference section */

/* Begin PBXFrameworksBuildPhase section */
		F7FDED5C1C69A17E00016E9F /* Frameworks */ = {
			isa = PBXFrameworksBuildPhase;
			buildActionMask = 2147483647;
			files = (
			);
			runOnlyForDeploymentPostprocessing = 0;
		};
/* End PBXFrameworksBuildPhase section */

/* Begin PBXGroup section */
		F7FDED561C69A17E00016E9F = {
			isa = PBXGroup;
			children = (
				F7FDED611C69A17E00016E9F /* myLittleMonster */,
				F7FDED601C69A17E00016E9F /* Products */,
			);
			sourceTree = "<group>";
		};
		F7FDED601C69A17E00016E9F /* Products */ = {
			isa = PBXGroup;
			children = (
				F7FDED5F1C69A17E00016E9F /* myLittleMonster.app */,
			);
			name = Products;
			sourceTree = "<group>";
		};
		F7FDED611C69A17E00016E9F /* myLittleMonster */ = {
			isa = PBXGroup;
			children = (
				F7FDED741C69A31600016E9F /* cave-music.mp3 */,
				F7FDED761C69A33500016E9F /* bite.wav */,
				F7FDED771C69A33500016E9F /* death.wav */,
				F7FDED781C69A33500016E9F /* heart.wav */,
				F7FDED791C69A33500016E9F /* skull.wav */,
				F7FDED621C69A17E00016E9F /* AppDelegate.swift */,
				F7FDED7E1C69B3F600016E9F /* DragImg.swift */,
				F7FDED641C69A17E00016E9F /* ViewController.swift */,
				F79F183F1C6AFF6F00D07416 /* MonsterImg.swift */,
				F7FDED661C69A17E00016E9F /* Main.storyboard */,
				F7FDED691C69A17E00016E9F /* Assets.xcassets */,
				F7FDED6B1C69A17E00016E9F /* LaunchScreen.storyboard */,
				F7FDED6E1C69A17E00016E9F /* Info.plist */,
			);
			path = myLittleMonster;
			sourceTree = "<group>";
		};
/* End PBXGroup section */

/* Begin PBXNativeTarget section */
		F7FDED5E1C69A17E00016E9F /* myLittleMonster */ = {
			isa = PBXNativeTarget;
			buildConfigurationList = F7FDED711C69A17E00016E9F /* Build configuration list for PBXNativeTarget "myLittleMonster" */;
			buildPhases = (
				F7FDED5B1C69A17E00016E9F /* Sources */,
				F7FDED5C1C69A17E00016E9F /* Frameworks */,
				F7FDED5D1C69A17E00016E9F /* Resources */,
			);
			buildRules = (
			);
			dependencies = (
			);
			name = myLittleMonster;
			productName = myLittleMonster;
			productReference = F7FDED5F1C69A17E00016E9F /* myLittleMonster.app */;
			productType = "com.apple.product-type.application";
		};
/* End PBXNativeTarget section */

/* Begin PBXProject section */
		F7FDED571C69A17E00016E9F /* Project object */ = {
			isa = PBXProject;
			attributes = {
				LastSwiftUpdateCheck = 0720;
				LastUpgradeCheck = 0720;
				ORGANIZATIONNAME = Christella;
				TargetAttributes = {
					F7FDED5E1C69A17E00016E9F = {
						CreatedOnToolsVersion = 7.2;
						DevelopmentTeam = 9WQ49EN2U5;
					};
				};
			};
			buildConfigurationList = F7FDED5A1C69A17E00016E9F /* Build configuration list for PBXProject "myLittleMonster" */;
			compatibilityVersion = "Xcode 3.2";
			developmentRegion = English;
			hasScannedForEncodings = 0;
			knownRegions = (
				en,
				Base,
			);
			mainGroup = F7FDED561C69A17E00016E9F;
			productRefGroup = F7FDED601C69A17E00016E9F /* Products */;
			projectDirPath = "";
			projectRoot = "";
			targets = (
				F7FDED5E1C69A17E00016E9F /* myLittleMonster */,
			);
		};
/* End PBXProject section */

/* Begin PBXResourcesBuildPhase section */
		F7FDED5D1C69A17E00016E9F /* Resources */ = {
			isa = PBXResourcesBuildPhase;
			buildActionMask = 2147483647;
			files = (
				F7FDED7D1C69A33500016E9F /* skull.wav in Resources */,
				F7FDED7A1C69A33500016E9F /* bite.wav in Resources */,
				F7FDED7B1C69A33500016E9F /* death.wav in Resources */,
				F7FDED7C1C69A33500016E9F /* heart.wav in Resources */,
				F7FDED6D1C69A17E00016E9F /* LaunchScreen.storyboard in Resources */,
				F7FDED751C69A31600016E9F /* cave-music.mp3 in Resources */,
				F7FDED6A1C69A17E00016E9F /* Assets.xcassets in Resources */,
				F7FDED681C69A17E00016E9F /* Main.storyboard in Resources */,
			);
			runOnlyForDeploymentPostprocessing = 0;
		};
/* End PBXResourcesBuildPhase section */

/* Begin PBXSourcesBuildPhase section */
		F7FDED5B1C69A17E00016E9F /* Sources */ = {
			isa = PBXSourcesBuildPhase;
			buildActionMask = 2147483647;
			files = (
				F79F18401C6AFF6F00D07416 /* MonsterImg.swift in Sources */,
				F7FDED7F1C69B3F600016E9F /* DragImg.swift in Sources */,
				F7FDED651C69A17E00016E9F /* ViewController.swift in Sources */,
				F7FDED631C69A17E00016E9F /* AppDelegate.swift in Sources */,
			);
			runOnlyForDeploymentPostprocessing = 0;
		};
/* End PBXSourcesBuildPhase section */

/* Begin PBXVariantGroup section */
		F7FDED661C69A17E00016E9F /* Main.storyboard */ = {
			isa = PBXVariantGroup;
			children = (
				F7FDED671C69A17E00016E9F /* Base */,
			);
			name = Main.storyboard;
			sourceTree = "<group>";
		};
		F7FDED6B1C69A17E00016E9F /* LaunchScreen.storyboard */ = {
			isa = PBXVariantGroup;
			children = (
				F7FDED6C1C69A17E00016E9F /* Base */,
			);
			name = LaunchScreen.storyboard;
			sourceTree = "<group>";
		};
/* End PBXVariantGroup section */

/* Begin XCBuildConfiguration section */
		F7FDED6F1C69A17E00016E9F /* Debug */ = {
			isa = XCBuildConfiguration;
			buildSettings = {
				ALWAYS_SEARCH_USER_PATHS = NO;
				CLANG_CXX_LANGUAGE_STANDARD = "gnu++0x";
				CLANG_CXX_LIBRARY = "libc++";
				CLANG_ENABLE_MODULES = YES;
				CLANG_ENABLE_OBJC_ARC = YES;
				CLANG_WARN_BOOL_CONVERSION = YES;
				CLANG_WARN_CONSTANT_CONVERSION = YES;
				CLANG_WARN_DIRECT_OBJC_ISA_USAGE = YES_ERROR;
				CLANG_WARN_EMPTY_BODY = YES;
				CLANG_WARN_ENUM_CONVERSION = YES;
				CLANG_WARN_INT_CONVERSION = YES;
				CLANG_WARN_OBJC_ROOT_CLASS = YES_ERROR;
				CLANG_WARN_UNREACHABLE_CODE = YES;
				CLANG_WARN__DUPLICATE_METHOD_MATCH = YES;
				"CODE_SIGN_IDENTITY[sdk=iphoneos*]" = "iPhone Developer";
				COPY_PHASE_STRIP = NO;
				DEBUG_INFORMATION_FORMAT = dwarf;
				ENABLE_STRICT_OBJC_MSGSEND = YES;
				ENABLE_TESTABILITY = YES;
				GCC_C_LANGUAGE_STANDARD = gnu99;
				GCC_DYNAMIC_NO_PIC = NO;
				GCC_NO_COMMON_BLOCKS = YES;
				GCC_OPTIMIZATION_LEVEL = 0;
				GCC_PREPROCESSOR_DEFINITIONS = (
					"DEBUG=1",
					"$(inherited)",
				);
				GCC_WARN_64_TO_32_BIT_CONVERSION = YES;
				GCC_WARN_ABOUT_RETURN_TYPE = YES_ERROR;
				GCC_WARN_UNDECLARED_SELECTOR = YES;
				GCC_WARN_UNINITIALIZED_AUTOS = YES_AGGRESSIVE;
				GCC_WARN_UNUSED_FUNCTION = YES;
				GCC_WARN_UNUSED_VARIABLE = YES;
				IPHONEOS_DEPLOYMENT_TARGET = 9.2;
				MTL_ENABLE_DEBUG_INFO = YES;
				ONLY_ACTIVE_ARCH = YES;
				SDKROOT = iphoneos;
				SWIFT_OPTIMIZATION_LEVEL = "-Onone";
				TARGETED_DEVICE_FAMILY = "1,2";
			};
			name = Debug;
		};
		F7FDED701C69A17E00016E9F /* Release */ = {
			isa = XCBuildConfiguration;
			buildSettings = {
				ALWAYS_SEARCH_USER_PATHS = NO;
				CLANG_CXX_LANGUAGE_STANDARD = "gnu++0x";
				CLANG_CXX_LIBRARY = "libc++";
				CLANG_ENABLE_MODULES = YES;
				CLANG_ENABLE_OBJC_ARC = YES;
				CLANG_WARN_BOOL_CONVERSION = YES;
				CLANG_WARN_CONSTANT_CONVERSION = YES;
				CLANG_WARN_DIRECT_OBJC_ISA_USAGE = YES_ERROR;
				CLANG_WARN_EMPTY_BODY = YES;
				CLANG_WARN_ENUM_CONVERSION = YES;
				CLANG_WARN_INT_CONVERSION = YES;
				CLANG_WARN_OBJC_ROOT_CLASS = YES_ERROR;
				CLANG_WARN_UNREACHABLE_CODE = YES;
				CLANG_WARN__DUPLICATE_METHOD_MATCH = YES;
				"CODE_SIGN_IDENTITY[sdk=iphoneos*]" = "iPhone Developer";
				COPY_PHASE_STRIP = NO;
				DEBUG_INFORMATION_FORMAT = "dwarf-with-dsym";
				ENABLE_NS_ASSERTIONS = NO;
				ENABLE_STRICT_OBJC_MSGSEND = YES;
				GCC_C_LANGUAGE_STANDARD = gnu99;
				GCC_NO_COMMON_BLOCKS = YES;
				GCC_WARN_64_TO_32_BIT_CONVERSION = YES;
				GCC_WARN_ABOUT_RETURN_TYPE = YES_ERROR;
				GCC_WARN_UNDECLARED_SELECTOR = YES;
				GCC_WARN_UNINITIALIZED_AUTOS = YES_AGGRESSIVE;
				GCC_WARN_UNUSED_FUNCTION = YES;
				GCC_WARN_UNUSED_VARIABLE = YES;
				IPHONEOS_DEPLOYMENT_TARGET = 9.2;
				MTL_ENABLE_DEBUG_INFO = NO;
				SDKROOT = iphoneos;
				TARGETED_DEVICE_FAMILY = "1,2";
				VALIDATE_PRODUCT = YES;
			};
			name = Release;
		};
		F7FDED721C69A17E00016E9F /* Debug */ = {
			isa = XCBuildConfiguration;
			buildSettings = {
				ASSETCATALOG_COMPILER_APPICON_NAME = AppIcon;
				INFOPLIST_FILE = myLittleMonster/Info.plist;
				LD_RUNPATH_SEARCH_PATHS = "$(inherited) @executable_path/Frameworks";
				PRODUCT_BUNDLE_IDENTIFIER = com.christella.myLittleMonster;
				PRODUCT_NAME = "$(TARGET_NAME)";
			};
			name = Debug;
		};
		F7FDED731C69A17E00016E9F /* Release */ = {
			isa = XCBuildConfiguration;
			buildSettings = {
				ASSETCATALOG_COMPILER_APPICON_NAME = AppIcon;
				INFOPLIST_FILE = myLittleMonster/Info.plist;
				LD_RUNPATH_SEARCH_PATHS = "$(inherited) @executable_path/Frameworks";
				PRODUCT_BUNDLE_IDENTIFIER = com.christella.myLittleMonster;
				PRODUCT_NAME = "$(TARGET_NAME)";
			};
			name = Release;
		};
/* End XCBuildConfiguration section */

/* Begin XCConfigurationList section */
		F7FDED5A1C69A17E00016E9F /* Build configuration list for PBXProject "myLittleMonster" */ = {
			isa = XCConfigurationList;
			buildConfigurations = (
				F7FDED6F1C69A17E00016E9F /* Debug */,
				F7FDED701C69A17E00016E9F /* Release */,
			);
			defaultConfigurationIsVisible = 0;
			defaultConfigurationName = Release;
		};
		F7FDED711C69A17E00016E9F /* Build configuration list for PBXNativeTarget "myLittleMonster" */ = {
			isa = XCConfigurationList;
			buildConfigurations = (
				F7FDED721C69A17E00016E9F /* Debug */,
				F7FDED731C69A17E00016E9F /* Release */,
			);
			defaultConfigurationIsVisible = 0;
			defaultConfigurationName = Release;
		};
/* End XCConfigurationList section */
	};
	rootObject = F7FDED571C69A17E00016E9F /* Project object */;
}
